
Microsoft Visual Studio Solution File, Format Version 12.00
# Visual Studio 2012
Project("{FAE04EC0-301F-11D3-BF4B-00C04F79EFBC}") = "Pong", "Pong\Pong.csproj", "{6D09FA31-5C3D-4B75-B08E-362B9748DE76}"
EndProject
Global
	GlobalSection(SolutionConfigurationPlatforms) = preSolution
		Debug|x86 = Debug|x86
		Release|x86 = Release|x86
	EndGlobalSection
	GlobalSection(ProjectConfigurationPlatforms) = postSolution
		{6D09FA31-5C3D-4B75-B08E-362B9748DE76}.Debug|x86.ActiveCfg = Debug|x86
		{6D09FA31-5C3D-4B75-B08E-362B9748DE76}.Debug|x86.Build.0 = Debug|x86
		{6D09FA31-5C3D-4B75-B08E-362B9748DE76}.Release|x86.ActiveCfg = Release|x86
		{6D09FA31-5C3D-4B75-B08E-362B9748DE76}.Release|x86.Build.0 = Release|x86
	EndGlobalSection
EndGlobal
